{
  "version": "5",
  "specifiers": {
    "npm:openid-client@6.8.1": "6.8.1"
  },
  "npm": {
    "jose@6.2.10": {
      "integrity": "sha512-iiW7J9qRFlGxvCOIBDBDxFePQSn7ZMAnrYGhrrOo6siO/MIqwfyilLR27pkfDgUk+raLuzADS8A3S/KLBisc0g=="
    },
    "oauth4webapi@3.8.7": {
      "integrity": "sha512-4RxcKxXjuItDFZ20RRPf4YTw3kpeXJyCgJFxVzJ068A7PNJ18st2Dg90tlC1LkSDS0GecroagCLHYEIVUhCAkw=="
    },
    "openid-client@6.8.1": {
      "integrity": "sha512-VoYT6enBo6Vj2j3Q5Ec0AezS+9YGzQo1f5Xc42lreMGlfP4ljiXPKVDvCADh+XHCV/bqPu/wWSiCVXbJKvrODw==",
      "dependencies": [
        "jose",
        "oauth4webapi"
      ]
    }
  }
}
